
Microsoft Visual Studio Solution File, Format Version 12.00
# Visual Studio Version 17
VisualStudioVersion = 17.10.35027.167
MinimumVisualStudioVersion = 10.0.40219.1
Project("{2150E333-8FDC-42A3-9474-1A3956D46DE8}") = "Src", "Src", "{3723DE90-A881-4078-B69B-DB1058A3679D}"
EndProject
Project("{2150E333-8FDC-42A3-9474-1A3956D46DE8}") = "1.Domain", "1.Domain", "{BDB72C97-99C4-4E34-A1D6-733B3E795E9B}"
EndProject
Project("{2150E333-8FDC-42A3-9474-1A3956D46DE8}") = "2.Infra", "2.Infra", "{85026D30-4D2F-4F61-A695-7DA887A4F7F2}"
EndProject
Project("{2150E333-8FDC-42A3-9474-1A3956D46DE8}") = "3.Application", "3.Application", "{20063B59-FA49-489F-9582-D928AE56E343}"
EndProject
Project("{2150E333-8FDC-42A3-9474-1A3956D46DE8}") = "4.Endpoints", "4.Endpoints", "{1EC6C16D-38BF-430A-8C7B-743771BDFE37}"
EndProject
Project("{FAE04EC0-301F-11D3-BF4B-00C04F79EFBC}") = "SPGW.Domain", "Src\Domain\SPGW.Domain\SPGW.Domain.csproj", "{2B8C3C0E-E053-4652-BBFE-EBB5D994A81E}"
EndProject
Project("{FAE04EC0-301F-11D3-BF4B-00C04F79EFBC}") = "SPGW.Infra", "Src\Infra\SPGW.Infra\SPGW.Infra.csproj", "{44B8B9DB-638E-4E02-BAFE-86471D7CDE2E}"
EndProject
Project("{FAE04EC0-301F-11D3-BF4B-00C04F79EFBC}") = "SPGW.Application", "Src\Application\SPGW.Application\SPGW.Application.csproj", "{BF062235-8047-4943-ABB3-AECE8F9EEA42}"
EndProject
Project("{FAE04EC0-301F-11D3-BF4B-00C04F79EFBC}") = "SPGW.Endpoint", "SPGW.Endpoint\SPGW.Endpoint.csproj", "{6F4CB4AC-9179-4D02-B9BE-35CEF9BEA44B}"
EndProject
Global
	GlobalSection(SolutionConfigurationPlatforms) = preSolution
		Debug|Any CPU = Debug|Any CPU
		Release|Any CPU = Release|Any CPU
	EndGlobalSection
	GlobalSection(ProjectConfigurationPlatforms) = postSolution
		{2B8C3C0E-E053-4652-BBFE-EBB5D994A81E}.Debug|Any CPU.ActiveCfg = Debug|Any CPU
		{2B8C3C0E-E053-4652-BBFE-EBB5D994A81E}.Debug|Any CPU.Build.0 = Debug|Any CPU
		{2B8C3C0E-E053-4652-BBFE-EBB5D994A81E}.Release|Any CPU.ActiveCfg = Release|Any CPU
		{2B8C3C0E-E053-4652-BBFE-EBB5D994A81E}.Release|Any CPU.Build.0 = Release|Any CPU
		{44B8B9DB-638E-4E02-BAFE-86471D7CDE2E}.Debug|Any CPU.ActiveCfg = Debug|Any CPU
		{44B8B9DB-638E-4E02-BAFE-86471D7CDE2E}.Debug|Any CPU.Build.0 = Debug|Any CPU
		{44B8B9DB-638E-4E02-BAFE-86471D7CDE2E}.Release|Any CPU.ActiveCfg = Release|Any CPU
		{44B8B9DB-638E-4E02-BAFE-86471D7CDE2E}.Release|Any CPU.Build.0 = Release|Any CPU
		{BF062235-8047-4943-ABB3-AECE8F9EEA42}.Debug|Any CPU.ActiveCfg = Debug|Any CPU
		{BF062235-8047-4943-ABB3-AECE8F9EEA42}.Debug|Any CPU.Build.0 = Debug|Any CPU
		{BF062235-8047-4943-ABB3-AECE8F9EEA42}.Release|Any CPU.ActiveCfg = Release|Any CPU
		{BF062235-8047-4943-ABB3-AECE8F9EEA42}.Release|Any CPU.Build.0 = Release|Any CPU
		{6F4CB4AC-9179-4D02-B9BE-35CEF9BEA44B}.Debug|Any CPU.ActiveCfg = Debug|Any CPU
		{6F4CB4AC-9179-4D02-B9BE-35CEF9BEA44B}.Debug|Any CPU.Build.0 = Debug|Any CPU
		{6F4CB4AC-9179-4D02-B9BE-35CEF9BEA44B}.Release|Any CPU.ActiveCfg = Release|Any CPU
		{6F4CB4AC-9179-4D02-B9BE-35CEF9BEA44B}.Release|Any CPU.Build.0 = Release|Any CPU
	EndGlobalSection
	GlobalSection(SolutionProperties) = preSolution
		HideSolutionNode = FALSE
	EndGlobalSection
	GlobalSection(NestedProjects) = preSolution
		{BDB72C97-99C4-4E34-A1D6-733B3E795E9B} = {3723DE90-A881-4078-B69B-DB1058A3679D}
		{85026D30-4D2F-4F61-A695-7DA887A4F7F2} = {3723DE90-A881-4078-B69B-DB1058A3679D}
		{20063B59-FA49-489F-9582-D928AE56E343} = {3723DE90-A881-4078-B69B-DB1058A3679D}
		{1EC6C16D-38BF-430A-8C7B-743771BDFE37} = {3723DE90-A881-4078-B69B-DB1058A3679D}
		{2B8C3C0E-E053-4652-BBFE-EBB5D994A81E} = {BDB72C97-99C4-4E34-A1D6-733B3E795E9B}
		{44B8B9DB-638E-4E02-BAFE-86471D7CDE2E} = {85026D30-4D2F-4F61-A695-7DA887A4F7F2}
		{BF062235-8047-4943-ABB3-AECE8F9EEA42} = {20063B59-FA49-489F-9582-D928AE56E343}
		{6F4CB4AC-9179-4D02-B9BE-35CEF9BEA44B} = {1EC6C16D-38BF-430A-8C7B-743771BDFE37}
	EndGlobalSection
	GlobalSection(ExtensibilityGlobals) = postSolution
		SolutionGuid = {AF748502-D2A4-4CDF-83A5-C4C690333BCD}
	EndGlobalSection
EndGlobal
